{
  "name": "create-vaas",
  "version": "1.0.0",
  "lockfileVersion": 1,
  "requires": true,
  "dependencies": {
    "@types/node": {
      "version": "16.11.65",
      "resolved": "http://artifactory.intra.xiaojukeji.com/artifactory/api/npm/npm/@types/node/-/node-16.11.65.tgz?dl=https%3A%2F%2Fregistry.npmmirror.com%2F%40types%2Fnode%2F-%2Fnode-16.11.65.tgz",
      "integrity": "sha1-WVALhq91fW/KvT3sMv7LbjV9ekU=",
      "dev": true
    },
    "commander": {
      "version": "9.4.1",
      "resolved": "http://artifactory.intra.xiaojukeji.com/artifactory/api/npm/npm/commander/-/commander-9.4.1.tgz?dl=https%3A%2F%2Fregistry.npmmirror.com%2Fcommander%2F-%2Fcommander-9.4.1.tgz",
      "integrity": "sha1-0d2PLOb6+TFHKVwN8Tx8IRQc+90="
    },
    "typescript": {
      "version": "4.8.4",
      "resolved": "http://artifactory.intra.xiaojukeji.com/artifactory/api/npm/npm/typescript/-/typescript-4.8.4.tgz?dl=https%3A%2F%2Fregistry.npmmirror.com%2Ftypescript%2F-%2Ftypescript-4.8.4.tgz",
      "integrity": "sha1-xGSryhWWaVl75flriUNQCyOOYOY=",
      "dev": true
    }
  }
}
